lockfileVersion: '9.0'

settings:
  autoInstallPeers: true
  excludeLinksFromLockfile: false

importers:

  .:
    dependencies:
      chalk:
        specifier: ^5.4.1
        version: 5.4.1
      tree-sitter:
        specifier: ^0.22.4
        version: 0.22.4
      tree-sitter-cli:
        specifier: ^0.24.6
        version: 0.24.6
      tree-sitter-cpp:
        specifier: ^0.23.4
        version: 0.23.4(tree-sitter@0.22.4)
      zod:
        specifier: ^3.24.1
        version: 3.24.1
      zod-opts:
        specifier: ^0.1.8
        version: 0.1.8

packages:

  chalk@5.4.1:
    resolution: {integrity: sha512-zgVZuo2WcZgfUEmsn6eO3kINexW8RAE4maiQ8QNs8CtpPCSyMiYsULR3HQYkm3w8FIA3SberyMJMSldGsW+U3w==}
    engines: {node: ^12.17.0 || ^14.13 || >=16.0.0}

  node-addon-api@8.3.0:
    resolution: {integrity: sha512-8VOpLHFrOQlAH+qA0ZzuGRlALRA6/LVh8QJldbrC4DY0hXoMP0l4Acq8TzFC018HztWiRqyCEj2aTWY2UvnJUg==}
    engines: {node: ^18 || ^20 || >= 21}

  node-gyp-build@4.8.4:
    resolution: {integrity: sha512-LA4ZjwlnUblHVgq0oBF3Jl/6h/Nvs5fzBLwdEF4nuxnFdsfajde4WfxtJr3CaiH+F6ewcIB/q4jQ4UzPyid+CQ==}
    hasBin: true

  tree-sitter-c@0.23.4:
    resolution: {integrity: sha512-hp3xYuWbuTBanHEwrAxOBhDjdwiD1k3u2XpVmpFk5GdJJj7N2jrcF45hYrZPcwuAjNXdL01YFG7TSLdmPi2lyg==}
    peerDependencies:
      tree-sitter: ^0.22.1
    peerDependenciesMeta:
      tree-sitter:
        optional: true

  tree-sitter-cli@0.24.6:
    resolution: {integrity: sha512-FJ9B1XwXt8Auq75NK/6bpeci7avXSk73OMDq4elXHPS4ue11ZFeCrH/anVN/u5BAZjWqFO9nWGLNEdpdZOg+eA==}
    engines: {node: '>=12.0.0'}
    hasBin: true

  tree-sitter-cpp@0.23.4:
    resolution: {integrity: sha512-qR5qUDyhZ5jJ6V8/umiBxokRbe89bCGmcq/dk94wI4kN86qfdV8k0GHIUEKaqWgcu42wKal5E97LKpLeVW8sKw==}
    peerDependencies:
      tree-sitter: ^0.21.1
    peerDependenciesMeta:
      tree-sitter:
        optional: true

  tree-sitter@0.22.4:
    resolution: {integrity: sha512-usbHZP9/oxNsUY65MQUsduGRqDHQOou1cagUSwjhoSYAmSahjQDAVsh9s+SlZkn8X8+O1FULRGwHu7AFP3kjzg==}

  zod-opts@0.1.8:
    resolution: {integrity: sha512-YZhdEcIL3D2W9fXCCf/UBgrBS90c8w25RTteh5GihGIZzadYr/qIFxyM2L98zHUkZ2S8MMxwn3ny8fzPNnvPlg==}
    engines: {node: '>=16'}

  zod@3.24.1:
    resolution: {integrity: sha512-muH7gBL9sI1nciMZV67X5fTKKBLtwpZ5VBp1vsOQzj1MhrBZ4wlVCm3gedKZWLp0Oyel8sIGfeiz54Su+OVT+A==}

snapshots:

  chalk@5.4.1: {}

  node-addon-api@8.3.0: {}

  node-gyp-build@4.8.4: {}

  tree-sitter-c@0.23.4(tree-sitter@0.22.4):
    dependencies:
      node-addon-api: 8.3.0
      node-gyp-build: 4.8.4
    optionalDependencies:
      tree-sitter: 0.22.4

  tree-sitter-cli@0.24.6: {}

  tree-sitter-cpp@0.23.4(tree-sitter@0.22.4):
    dependencies:
      node-addon-api: 8.3.0
      node-gyp-build: 4.8.4
      tree-sitter-c: 0.23.4(tree-sitter@0.22.4)
    optionalDependencies:
      tree-sitter: 0.22.4

  tree-sitter@0.22.4:
    dependencies:
      node-addon-api: 8.3.0
      node-gyp-build: 4.8.4

  zod-opts@0.1.8:
    dependencies:
      zod: 3.24.1

  zod@3.24.1: {}
